
Microsoft Visual Studio Solution File, Format Version 12.00
# Visual Studio Version 17
VisualStudioVersion = 17.4.33213.308
MinimumVisualStudioVersion = 10.0.40219.1
Project("{9A19103F-16F7-4668-BE54-9A1E7A4F7556}") = "Mp5", "Mp5\Mp5.csproj", "{ADD1F73C-5F48-4E77-B991-0BD6881BDA65}"
EndProject
Project("{FAE04EC0-301F-11D3-BF4B-00C04F79EFBC}") = "Mp5.Test", "Mp5.Test\Mp5.Test.csproj", "{F854F3AC-9077-4283-BC93-29E1F2D68F2A}"
EndProject
Global
	GlobalSection(SolutionConfigurationPlatforms) = preSolution
		Debug|Any CPU = Debug|Any CPU
		Release|Any CPU = Release|Any CPU
	EndGlobalSection
	GlobalSection(ProjectConfigurationPlatforms) = postSolution
		{ADD1F73C-5F48-4E77-B991-0BD6881BDA65}.Debug|Any CPU.ActiveCfg = Debug|Any CPU
		{ADD1F73C-5F48-4E77-B991-0BD6881BDA65}.Debug|Any CPU.Build.0 = Debug|Any CPU
		{ADD1F73C-5F48-4E77-B991-0BD6881BDA65}.Release|Any CPU.ActiveCfg = Release|Any CPU
		{ADD1F73C-5F48-4E77-B991-0BD6881BDA65}.Release|Any CPU.Build.0 = Release|Any CPU
		{F854F3AC-9077-4283-BC93-29E1F2D68F2A}.Debug|Any CPU.ActiveCfg = Debug|Any CPU
		{F854F3AC-9077-4283-BC93-29E1F2D68F2A}.Debug|Any CPU.Build.0 = Debug|Any CPU
		{F854F3AC-9077-4283-BC93-29E1F2D68F2A}.Release|Any CPU.ActiveCfg = Release|Any CPU
		{F854F3AC-9077-4283-BC93-29E1F2D68F2A}.Release|Any CPU.Build.0 = Release|Any CPU
	EndGlobalSection
	GlobalSection(SolutionProperties) = preSolution
		HideSolutionNode = FALSE
	EndGlobalSection
	GlobalSection(ExtensibilityGlobals) = postSolution
		SolutionGuid = {A3F70C79-7AE3-4D66-940C-F47771913BA2}
	EndGlobalSection
EndGlobal
